
Microsoft Visual Studio Solution File, Format Version 12.00
# Visual Studio Version 17
VisualStudioVersion = 17.4.33103.184
MinimumVisualStudioVersion = 10.0.40219.1
Project("{FAE04EC0-301F-11D3-BF4B-00C04F79EFBC}") = "AdventOfCode2022", "AdventOfCode2022\AdventOfCode2022.csproj", "{1B811A39-F2AC-4B05-8D7A-7505548E269C}"
EndProject
Global
	GlobalSection(SolutionConfigurationPlatforms) = preSolution
		Debug|Any CPU = Debug|Any CPU
		Release|Any CPU = Release|Any CPU
	EndGlobalSection
	GlobalSection(ProjectConfigurationPlatforms) = postSolution
		{1B811A39-F2AC-4B05-8D7A-7505548E269C}.Debug|Any CPU.ActiveCfg = Debug|Any CPU
		{1B811A39-F2AC-4B05-8D7A-7505548E269C}.Debug|Any CPU.Build.0 = Debug|Any CPU
		{1B811A39-F2AC-4B05-8D7A-7505548E269C}.Release|Any CPU.ActiveCfg = Release|Any CPU
		{1B811A39-F2AC-4B05-8D7A-7505548E269C}.Release|Any CPU.Build.0 = Release|Any CPU
	EndGlobalSection
	GlobalSection(SolutionProperties) = preSolution
		HideSolutionNode = FALSE
	EndGlobalSection
	GlobalSection(ExtensibilityGlobals) = postSolution
		SolutionGuid = {B4E6045B-5BFF-43A8-BF35-9FE82C875039}
	EndGlobalSection
EndGlobal
